
Microsoft Visual Studio Solution File, Format Version 10.00
# Visual Studio 2008
Project("{8BC9CEB8-8B4A-11D0-8D11-00A0C91BC942}") = "M", "M\M.vcproj", "{826D14D6-0742-420A-BFCC-9BF47DAA4C3E}"
EndProject
Global
	GlobalSection(SolutionConfigurationPlatforms) = preSolution
		Debug|Win32 = Debug|Win32
		Debug|x64 = Debug|x64
		Release|Win32 = Release|Win32
		Release|x64 = Release|x64
	EndGlobalSection
	GlobalSection(ProjectConfigurationPlatforms) = postSolution
		{826D14D6-0742-420A-BFCC-9BF47DAA4C3E}.Debug|Win32.ActiveCfg = Debug|Win32
		{826D14D6-0742-420A-BFCC-9BF47DAA4C3E}.Debug|Win32.Build.0 = Debug|Win32
		{826D14D6-0742-420A-BFCC-9BF47DAA4C3E}.Debug|x64.ActiveCfg = Debug|Win32
		{826D14D6-0742-420A-BFCC-9BF47DAA4C3E}.Release|Win32.ActiveCfg = Release|Win32
		{826D14D6-0742-420A-BFCC-9BF47DAA4C3E}.Release|Win32.Build.0 = Release|Win32
		{826D14D6-0742-420A-BFCC-9BF47DAA4C3E}.Release|x64.ActiveCfg = Release|Win32
	EndGlobalSection
	GlobalSection(SolutionProperties) = preSolution
		HideSolutionNode = FALSE
	EndGlobalSection
EndGlobal
